
Microsoft Visual Studio Solution File, Format Version 12.00
# Visual Studio 15
VisualStudioVersion = 15.0.28307.271
MinimumVisualStudioVersion = 10.0.40219.1
Project("{8BC9CEB8-8B4A-11D0-8D11-00A0C91BC942}") = "_HW", "_HW\_HW.vcxproj", "{AC4CD479-5A58-4385-8B58-1E83E677249B}"
EndProject
Global
	GlobalSection(SolutionConfigurationPlatforms) = preSolution
		Debug|x64 = Debug|x64
		Debug|x86 = Debug|x86
		Release|x64 = Release|x64
		Release|x86 = Release|x86
	EndGlobalSection
	GlobalSection(ProjectConfigurationPlatforms) = postSolution
		{AC4CD479-5A58-4385-8B58-1E83E677249B}.Debug|x64.ActiveCfg = Debug|x64
		{AC4CD479-5A58-4385-8B58-1E83E677249B}.Debug|x64.Build.0 = Debug|x64
		{AC4CD479-5A58-4385-8B58-1E83E677249B}.Debug|x86.ActiveCfg = Debug|Win32
		{AC4CD479-5A58-4385-8B58-1E83E677249B}.Debug|x86.Build.0 = Debug|Win32
		{AC4CD479-5A58-4385-8B58-1E83E677249B}.Release|x64.ActiveCfg = Release|x64
		{AC4CD479-5A58-4385-8B58-1E83E677249B}.Release|x64.Build.0 = Release|x64
		{AC4CD479-5A58-4385-8B58-1E83E677249B}.Release|x86.ActiveCfg = Release|Win32
		{AC4CD479-5A58-4385-8B58-1E83E677249B}.Release|x86.Build.0 = Release|Win32
	EndGlobalSection
	GlobalSection(SolutionProperties) = preSolution
		HideSolutionNode = FALSE
	EndGlobalSection
	GlobalSection(ExtensibilityGlobals) = postSolution
		SolutionGuid = {C2664EDF-472D-4479-89B8-FB7A594D24FC}
	EndGlobalSection
EndGlobal
