
Microsoft Visual Studio Solution File, Format Version 12.00
# Visual Studio 15
VisualStudioVersion = 15.0.28307.271
MinimumVisualStudioVersion = 10.0.40219.1
Project("{8BC9CEB8-8B4A-11D0-8D11-00A0C91BC942}") = "_HW", "_HW\_HW.vcxproj", "{AC4CD479-5A58-4385-8B58-1E83E677249B}"
EndProject
Project("{8BC9CEB8-8B4A-11D0-8D11-00A0C91BC942}") = "_HW_CPP_0811", "_HW_CPP\_HW_CPP.vcxproj", "{E58061B3-547B-4DDA-8B7F-E19C8593AFAD}"
EndProject
Project("{8BC9CEB8-8B4A-11D0-8D11-00A0C91BC942}") = "_HW_CPP_0817", "_HW_CPP_0817\_HW_CPP_0817.vcxproj", "{AACACC79-367A-4B60-AF77-7E86A953D870}"
EndProject
Project("{8BC9CEB8-8B4A-11D0-8D11-00A0C91BC942}") = "_HW_CPP_0818_1", "_HW_CPP_0818_1\_HW_CPP_0818_1.vcxproj", "{187907A7-B749-4FA9-A127-2C4BA2088BAC}"
EndProject
Project("{8BC9CEB8-8B4A-11D0-8D11-00A0C91BC942}") = "_HW_CPP_0818_3,4", "_HW_CPP_0818_3,4\_HW_CPP_0818_3,4.vcxproj", "{74C840E6-F1A0-4B6B-A82D-6EE179BF46C4}"
EndProject
Project("{8BC9CEB8-8B4A-11D0-8D11-00A0C91BC942}") = "_HW_CPP_0818_5", "_HW_CPP_0818_5\_HW_CPP_0818_5.vcxproj", "{B1F6E26E-886F-40F8-B313-861225CDCA55}"
EndProject
Project("{8BC9CEB8-8B4A-11D0-8D11-00A0C91BC942}") = "_HW_CPP_0818_6", "_HW_CPP_0818_6\_HW_CPP_0818_6.vcxproj", "{8A0CE830-F370-4A95-971C-A575163A5AF4}"
EndProject
Project("{8BC9CEB8-8B4A-11D0-8D11-00A0C91BC942}") = "_HW_CPP_0818_7", "_HW_CPP_0818_7\_HW_CPP_0818_7.vcxproj", "{835B8392-2946-4733-9901-31E1C02AD9DD}"
EndProject
Project("{8BC9CEB8-8B4A-11D0-8D11-00A0C91BC942}") = "_HW_CPP_0818_8", "_HW_CPP_0818_8\_HW_CPP_0818_8.vcxproj", "{C9A5ECED-A0BB-4F4F-ABBF-D1390B54F63F}"
EndProject
Project("{8BC9CEB8-8B4A-11D0-8D11-00A0C91BC942}") = "_HW_CPP_0824", "_HW_CPP_0824\_HW_CPP_0824.vcxproj", "{766098DB-CA2D-46DE-9862-8194479D8EEE}"
EndProject
Global
	GlobalSection(SolutionConfigurationPlatforms) = preSolution
		Debug|x64 = Debug|x64
		Debug|x86 = Debug|x86
		Release|x64 = Release|x64
		Release|x86 = Release|x86
	EndGlobalSection
	GlobalSection(ProjectConfigurationPlatforms) = postSolution
		{AC4CD479-5A58-4385-8B58-1E83E677249B}.Debug|x64.ActiveCfg = Debug|x64
		{AC4CD479-5A58-4385-8B58-1E83E677249B}.Debug|x64.Build.0 = Debug|x64
		{AC4CD479-5A58-4385-8B58-1E83E677249B}.Debug|x86.ActiveCfg = Debug|Win32
		{AC4CD479-5A58-4385-8B58-1E83E677249B}.Release|x64.ActiveCfg = Release|x64
		{AC4CD479-5A58-4385-8B58-1E83E677249B}.Release|x64.Build.0 = Release|x64
		{AC4CD479-5A58-4385-8B58-1E83E677249B}.Release|x86.ActiveCfg = Release|Win32
		{AC4CD479-5A58-4385-8B58-1E83E677249B}.Release|x86.Build.0 = Release|Win32
		{E58061B3-547B-4DDA-8B7F-E19C8593AFAD}.Debug|x64.ActiveCfg = Debug|x64
		{E58061B3-547B-4DDA-8B7F-E19C8593AFAD}.Debug|x64.Build.0 = Debug|x64
		{E58061B3-547B-4DDA-8B7F-E19C8593AFAD}.Debug|x86.ActiveCfg = Debug|Win32
		{E58061B3-547B-4DDA-8B7F-E19C8593AFAD}.Release|x64.ActiveCfg = Release|x64
		{E58061B3-547B-4DDA-8B7F-E19C8593AFAD}.Release|x64.Build.0 = Release|x64
		{E58061B3-547B-4DDA-8B7F-E19C8593AFAD}.Release|x86.ActiveCfg = Release|Win32
		{E58061B3-547B-4DDA-8B7F-E19C8593AFAD}.Release|x86.Build.0 = Release|Win32
		{AACACC79-367A-4B60-AF77-7E86A953D870}.Debug|x64.ActiveCfg = Debug|x64
		{AACACC79-367A-4B60-AF77-7E86A953D870}.Debug|x64.Build.0 = Debug|x64
		{AACACC79-367A-4B60-AF77-7E86A953D870}.Debug|x86.ActiveCfg = Debug|Win32
		{AACACC79-367A-4B60-AF77-7E86A953D870}.Release|x64.ActiveCfg = Release|x64
		{AACACC79-367A-4B60-AF77-7E86A953D870}.Release|x64.Build.0 = Release|x64
		{AACACC79-367A-4B60-AF77-7E86A953D870}.Release|x86.ActiveCfg = Release|Win32
		{AACACC79-367A-4B60-AF77-7E86A953D870}.Release|x86.Build.0 = Release|Win32
		{187907A7-B749-4FA9-A127-2C4BA2088BAC}.Debug|x64.ActiveCfg = Debug|x64
		{187907A7-B749-4FA9-A127-2C4BA2088BAC}.Debug|x64.Build.0 = Debug|x64
		{187907A7-B749-4FA9-A127-2C4BA2088BAC}.Debug|x86.ActiveCfg = Debug|Win32
		{187907A7-B749-4FA9-A127-2C4BA2088BAC}.Release|x64.ActiveCfg = Release|x64
		{187907A7-B749-4FA9-A127-2C4BA2088BAC}.Release|x64.Build.0 = Release|x64
		{187907A7-B749-4FA9-A127-2C4BA2088BAC}.Release|x86.ActiveCfg = Release|Win32
		{187907A7-B749-4FA9-A127-2C4BA2088BAC}.Release|x86.Build.0 = Release|Win32
		{74C840E6-F1A0-4B6B-A82D-6EE179BF46C4}.Debug|x64.ActiveCfg = Debug|x64
		{74C840E6-F1A0-4B6B-A82D-6EE179BF46C4}.Debug|x64.Build.0 = Debug|x64
		{74C840E6-F1A0-4B6B-A82D-6EE179BF46C4}.Debug|x86.ActiveCfg = Debug|Win32
		{74C840E6-F1A0-4B6B-A82D-6EE179BF46C4}.Release|x64.ActiveCfg = Release|x64
		{74C840E6-F1A0-4B6B-A82D-6EE179BF46C4}.Release|x64.Build.0 = Release|x64
		{74C840E6-F1A0-4B6B-A82D-6EE179BF46C4}.Release|x86.ActiveCfg = Release|Win32
		{74C840E6-F1A0-4B6B-A82D-6EE179BF46C4}.Release|x86.Build.0 = Release|Win32
		{B1F6E26E-886F-40F8-B313-861225CDCA55}.Debug|x64.ActiveCfg = Debug|x64
		{B1F6E26E-886F-40F8-B313-861225CDCA55}.Debug|x64.Build.0 = Debug|x64
		{B1F6E26E-886F-40F8-B313-861225CDCA55}.Debug|x86.ActiveCfg = Debug|Win32
		{B1F6E26E-886F-40F8-B313-861225CDCA55}.Release|x64.ActiveCfg = Release|x64
		{B1F6E26E-886F-40F8-B313-861225CDCA55}.Release|x64.Build.0 = Release|x64
		{B1F6E26E-886F-40F8-B313-861225CDCA55}.Release|x86.ActiveCfg = Release|Win32
		{B1F6E26E-886F-40F8-B313-861225CDCA55}.Release|x86.Build.0 = Release|Win32
		{8A0CE830-F370-4A95-971C-A575163A5AF4}.Debug|x64.ActiveCfg = Debug|x64
		{8A0CE830-F370-4A95-971C-A575163A5AF4}.Debug|x64.Build.0 = Debug|x64
		{8A0CE830-F370-4A95-971C-A575163A5AF4}.Debug|x86.ActiveCfg = Debug|Win32
		{8A0CE830-F370-4A95-971C-A575163A5AF4}.Release|x64.ActiveCfg = Release|x64
		{8A0CE830-F370-4A95-971C-A575163A5AF4}.Release|x64.Build.0 = Release|x64
		{8A0CE830-F370-4A95-971C-A575163A5AF4}.Release|x86.ActiveCfg = Release|Win32
		{8A0CE830-F370-4A95-971C-A575163A5AF4}.Release|x86.Build.0 = Release|Win32
		{835B8392-2946-4733-9901-31E1C02AD9DD}.Debug|x64.ActiveCfg = Debug|x64
		{835B8392-2946-4733-9901-31E1C02AD9DD}.Debug|x64.Build.0 = Debug|x64
		{835B8392-2946-4733-9901-31E1C02AD9DD}.Debug|x86.ActiveCfg = Debug|Win32
		{835B8392-2946-4733-9901-31E1C02AD9DD}.Release|x64.ActiveCfg = Release|x64
		{835B8392-2946-4733-9901-31E1C02AD9DD}.Release|x64.Build.0 = Release|x64
		{835B8392-2946-4733-9901-31E1C02AD9DD}.Release|x86.ActiveCfg = Release|Win32
		{835B8392-2946-4733-9901-31E1C02AD9DD}.Release|x86.Build.0 = Release|Win32
		{C9A5ECED-A0BB-4F4F-ABBF-D1390B54F63F}.Debug|x64.ActiveCfg = Debug|x64
		{C9A5ECED-A0BB-4F4F-ABBF-D1390B54F63F}.Debug|x64.Build.0 = Debug|x64
		{C9A5ECED-A0BB-4F4F-ABBF-D1390B54F63F}.Debug|x86.ActiveCfg = Debug|Win32
		{C9A5ECED-A0BB-4F4F-ABBF-D1390B54F63F}.Release|x64.ActiveCfg = Release|x64
		{C9A5ECED-A0BB-4F4F-ABBF-D1390B54F63F}.Release|x64.Build.0 = Release|x64
		{C9A5ECED-A0BB-4F4F-ABBF-D1390B54F63F}.Release|x86.ActiveCfg = Release|Win32
		{C9A5ECED-A0BB-4F4F-ABBF-D1390B54F63F}.Release|x86.Build.0 = Release|Win32
		{766098DB-CA2D-46DE-9862-8194479D8EEE}.Debug|x64.ActiveCfg = Debug|x64
		{766098DB-CA2D-46DE-9862-8194479D8EEE}.Debug|x64.Build.0 = Debug|x64
		{766098DB-CA2D-46DE-9862-8194479D8EEE}.Debug|x86.ActiveCfg = Debug|Win32
		{766098DB-CA2D-46DE-9862-8194479D8EEE}.Debug|x86.Build.0 = Debug|Win32
		{766098DB-CA2D-46DE-9862-8194479D8EEE}.Release|x64.ActiveCfg = Release|x64
		{766098DB-CA2D-46DE-9862-8194479D8EEE}.Release|x64.Build.0 = Release|x64
		{766098DB-CA2D-46DE-9862-8194479D8EEE}.Release|x86.ActiveCfg = Release|Win32
		{766098DB-CA2D-46DE-9862-8194479D8EEE}.Release|x86.Build.0 = Release|Win32
	EndGlobalSection
	GlobalSection(SolutionProperties) = preSolution
		HideSolutionNode = FALSE
	EndGlobalSection
	GlobalSection(ExtensibilityGlobals) = postSolution
		SolutionGuid = {C2664EDF-472D-4479-89B8-FB7A594D24FC}
	EndGlobalSection
EndGlobal
