
Microsoft Visual Studio Solution File, Format Version 12.00
# Visual Studio 15
VisualStudioVersion = 15.0.28307.271
MinimumVisualStudioVersion = 10.0.40219.1
Project("{8BC9CEB8-8B4A-11D0-8D11-00A0C91BC942}") = "learnCPP01_0810", "learnCPP\learnCPP.vcxproj", "{22D5CD33-4AB5-47D2-8A07-E98C81623D27}"
EndProject
Project("{8BC9CEB8-8B4A-11D0-8D11-00A0C91BC942}") = "learnCPP02_0811", "learnCPP1_0811\learnCPP1_0811.vcxproj", "{BDC38B91-E926-4C14-969A-85FD383C1175}"
EndProject
Project("{8BC9CEB8-8B4A-11D0-8D11-00A0C91BC942}") = "learnCPP03_0817", "learnCPP2_0817\learnCPP2_0817.vcxproj", "{F72FF487-CD37-4B8A-9F72-30107F36C4C8}"
EndProject
Project("{8BC9CEB8-8B4A-11D0-8D11-00A0C91BC942}") = "learnCPP04_0818", "learnCPP4_0818\learnCPP4_0818.vcxproj", "{EB3FB869-7C3A-4837-B1D1-3CE5C9919AFD}"
EndProject
Project("{8BC9CEB8-8B4A-11D0-8D11-00A0C91BC942}") = "learnCPP05_0824", "learnCPP5_0824\learnCPP5_0824.vcxproj", "{8C117705-8814-4F3E-8541-C64935A2F213}"
EndProject
Project("{8BC9CEB8-8B4A-11D0-8D11-00A0C91BC942}") = "learnCPP06_0825", "learnCPP_0825\learnCPP_0825.vcxproj", "{0550D14D-14AC-4FB6-8E28-7DDED4D79B1E}"
EndProject
Project("{8BC9CEB8-8B4A-11D0-8D11-00A0C91BC942}") = "learnCPP07_0831", "learnCPP7_0831\learnCPP7_0831.vcxproj", "{823D9574-1D6A-498C-9F04-B17C22D62B42}"
EndProject
Project("{8BC9CEB8-8B4A-11D0-8D11-00A0C91BC942}") = "learnCPP08_0901", "learnCPP8_0901\learnCPP8_0901.vcxproj", "{5A041808-FDEB-48DE-B070-87BFDA5D5430}"
EndProject
Project("{8BC9CEB8-8B4A-11D0-8D11-00A0C91BC942}") = "learnCPP09_0907", "learnCPP9_0907\learnCPP9_0907.vcxproj", "{ABFD8E3B-63E5-48EE-9600-38D34D54685F}"
EndProject
Project("{8BC9CEB8-8B4A-11D0-8D11-00A0C91BC942}") = "learnCPP10_0908", "learnCPP10_0908\learnCPP10_0908.vcxproj", "{A75E1D99-8161-4082-A37D-E569A42A7035}"
EndProject
Project("{8BC9CEB8-8B4A-11D0-8D11-00A0C91BC942}") = "learnCPP11_0921", "learnCPP11_0921\learnCPP11_0921.vcxproj", "{764E1805-551D-414E-95C0-68D876A95CF2}"
EndProject
Project("{8BC9CEB8-8B4A-11D0-8D11-00A0C91BC942}") = "learnCPP12_0922", "learnCPP12_0922\learnCPP12_0922.vcxproj", "{3EFAC871-56F5-482E-B3DA-732F895DD2D7}"
EndProject
Global
	GlobalSection(SolutionConfigurationPlatforms) = preSolution
		Debug|x64 = Debug|x64
		Debug|x86 = Debug|x86
		Release|x64 = Release|x64
		Release|x86 = Release|x86
	EndGlobalSection
	GlobalSection(ProjectConfigurationPlatforms) = postSolution
		{22D5CD33-4AB5-47D2-8A07-E98C81623D27}.Debug|x64.ActiveCfg = Debug|x64
		{22D5CD33-4AB5-47D2-8A07-E98C81623D27}.Debug|x64.Build.0 = Debug|x64
		{22D5CD33-4AB5-47D2-8A07-E98C81623D27}.Debug|x86.ActiveCfg = Debug|Win32
		{22D5CD33-4AB5-47D2-8A07-E98C81623D27}.Release|x64.ActiveCfg = Release|x64
		{22D5CD33-4AB5-47D2-8A07-E98C81623D27}.Release|x64.Build.0 = Release|x64
		{22D5CD33-4AB5-47D2-8A07-E98C81623D27}.Release|x86.ActiveCfg = Release|Win32
		{22D5CD33-4AB5-47D2-8A07-E98C81623D27}.Release|x86.Build.0 = Release|Win32
		{BDC38B91-E926-4C14-969A-85FD383C1175}.Debug|x64.ActiveCfg = Debug|x64
		{BDC38B91-E926-4C14-969A-85FD383C1175}.Debug|x64.Build.0 = Debug|x64
		{BDC38B91-E926-4C14-969A-85FD383C1175}.Debug|x86.ActiveCfg = Debug|Win32
		{BDC38B91-E926-4C14-969A-85FD383C1175}.Release|x64.ActiveCfg = Release|x64
		{BDC38B91-E926-4C14-969A-85FD383C1175}.Release|x64.Build.0 = Release|x64
		{BDC38B91-E926-4C14-969A-85FD383C1175}.Release|x86.ActiveCfg = Release|Win32
		{BDC38B91-E926-4C14-969A-85FD383C1175}.Release|x86.Build.0 = Release|Win32
		{F72FF487-CD37-4B8A-9F72-30107F36C4C8}.Debug|x64.ActiveCfg = Debug|x64
		{F72FF487-CD37-4B8A-9F72-30107F36C4C8}.Debug|x64.Build.0 = Debug|x64
		{F72FF487-CD37-4B8A-9F72-30107F36C4C8}.Debug|x86.ActiveCfg = Debug|Win32
		{F72FF487-CD37-4B8A-9F72-30107F36C4C8}.Release|x64.ActiveCfg = Release|x64
		{F72FF487-CD37-4B8A-9F72-30107F36C4C8}.Release|x64.Build.0 = Release|x64
		{F72FF487-CD37-4B8A-9F72-30107F36C4C8}.Release|x86.ActiveCfg = Release|Win32
		{F72FF487-CD37-4B8A-9F72-30107F36C4C8}.Release|x86.Build.0 = Release|Win32
		{EB3FB869-7C3A-4837-B1D1-3CE5C9919AFD}.Debug|x64.ActiveCfg = Debug|x64
		{EB3FB869-7C3A-4837-B1D1-3CE5C9919AFD}.Debug|x64.Build.0 = Debug|x64
		{EB3FB869-7C3A-4837-B1D1-3CE5C9919AFD}.Debug|x86.ActiveCfg = Debug|Win32
		{EB3FB869-7C3A-4837-B1D1-3CE5C9919AFD}.Release|x64.ActiveCfg = Release|x64
		{EB3FB869-7C3A-4837-B1D1-3CE5C9919AFD}.Release|x64.Build.0 = Release|x64
		{EB3FB869-7C3A-4837-B1D1-3CE5C9919AFD}.Release|x86.ActiveCfg = Release|Win32
		{EB3FB869-7C3A-4837-B1D1-3CE5C9919AFD}.Release|x86.Build.0 = Release|Win32
		{8C117705-8814-4F3E-8541-C64935A2F213}.Debug|x64.ActiveCfg = Debug|x64
		{8C117705-8814-4F3E-8541-C64935A2F213}.Debug|x64.Build.0 = Debug|x64
		{8C117705-8814-4F3E-8541-C64935A2F213}.Debug|x86.ActiveCfg = Debug|Win32
		{8C117705-8814-4F3E-8541-C64935A2F213}.Release|x64.ActiveCfg = Release|x64
		{8C117705-8814-4F3E-8541-C64935A2F213}.Release|x64.Build.0 = Release|x64
		{8C117705-8814-4F3E-8541-C64935A2F213}.Release|x86.ActiveCfg = Release|Win32
		{8C117705-8814-4F3E-8541-C64935A2F213}.Release|x86.Build.0 = Release|Win32
		{0550D14D-14AC-4FB6-8E28-7DDED4D79B1E}.Debug|x64.ActiveCfg = Debug|x64
		{0550D14D-14AC-4FB6-8E28-7DDED4D79B1E}.Debug|x64.Build.0 = Debug|x64
		{0550D14D-14AC-4FB6-8E28-7DDED4D79B1E}.Debug|x86.ActiveCfg = Debug|Win32
		{0550D14D-14AC-4FB6-8E28-7DDED4D79B1E}.Release|x64.ActiveCfg = Release|x64
		{0550D14D-14AC-4FB6-8E28-7DDED4D79B1E}.Release|x64.Build.0 = Release|x64
		{0550D14D-14AC-4FB6-8E28-7DDED4D79B1E}.Release|x86.ActiveCfg = Release|Win32
		{0550D14D-14AC-4FB6-8E28-7DDED4D79B1E}.Release|x86.Build.0 = Release|Win32
		{823D9574-1D6A-498C-9F04-B17C22D62B42}.Debug|x64.ActiveCfg = Debug|x64
		{823D9574-1D6A-498C-9F04-B17C22D62B42}.Debug|x64.Build.0 = Debug|x64
		{823D9574-1D6A-498C-9F04-B17C22D62B42}.Debug|x86.ActiveCfg = Debug|Win32
		{823D9574-1D6A-498C-9F04-B17C22D62B42}.Release|x64.ActiveCfg = Release|x64
		{823D9574-1D6A-498C-9F04-B17C22D62B42}.Release|x64.Build.0 = Release|x64
		{823D9574-1D6A-498C-9F04-B17C22D62B42}.Release|x86.ActiveCfg = Release|Win32
		{823D9574-1D6A-498C-9F04-B17C22D62B42}.Release|x86.Build.0 = Release|Win32
		{5A041808-FDEB-48DE-B070-87BFDA5D5430}.Debug|x64.ActiveCfg = Debug|x64
		{5A041808-FDEB-48DE-B070-87BFDA5D5430}.Debug|x64.Build.0 = Debug|x64
		{5A041808-FDEB-48DE-B070-87BFDA5D5430}.Debug|x86.ActiveCfg = Debug|Win32
		{5A041808-FDEB-48DE-B070-87BFDA5D5430}.Release|x64.ActiveCfg = Release|x64
		{5A041808-FDEB-48DE-B070-87BFDA5D5430}.Release|x64.Build.0 = Release|x64
		{5A041808-FDEB-48DE-B070-87BFDA5D5430}.Release|x86.ActiveCfg = Release|Win32
		{5A041808-FDEB-48DE-B070-87BFDA5D5430}.Release|x86.Build.0 = Release|Win32
		{ABFD8E3B-63E5-48EE-9600-38D34D54685F}.Debug|x64.ActiveCfg = Debug|x64
		{ABFD8E3B-63E5-48EE-9600-38D34D54685F}.Debug|x64.Build.0 = Debug|x64
		{ABFD8E3B-63E5-48EE-9600-38D34D54685F}.Debug|x86.ActiveCfg = Debug|Win32
		{ABFD8E3B-63E5-48EE-9600-38D34D54685F}.Release|x64.ActiveCfg = Release|x64
		{ABFD8E3B-63E5-48EE-9600-38D34D54685F}.Release|x64.Build.0 = Release|x64
		{ABFD8E3B-63E5-48EE-9600-38D34D54685F}.Release|x86.ActiveCfg = Release|Win32
		{ABFD8E3B-63E5-48EE-9600-38D34D54685F}.Release|x86.Build.0 = Release|Win32
		{A75E1D99-8161-4082-A37D-E569A42A7035}.Debug|x64.ActiveCfg = Debug|x64
		{A75E1D99-8161-4082-A37D-E569A42A7035}.Debug|x64.Build.0 = Debug|x64
		{A75E1D99-8161-4082-A37D-E569A42A7035}.Debug|x86.ActiveCfg = Debug|Win32
		{A75E1D99-8161-4082-A37D-E569A42A7035}.Release|x64.ActiveCfg = Release|x64
		{A75E1D99-8161-4082-A37D-E569A42A7035}.Release|x64.Build.0 = Release|x64
		{A75E1D99-8161-4082-A37D-E569A42A7035}.Release|x86.ActiveCfg = Release|Win32
		{A75E1D99-8161-4082-A37D-E569A42A7035}.Release|x86.Build.0 = Release|Win32
		{764E1805-551D-414E-95C0-68D876A95CF2}.Debug|x64.ActiveCfg = Debug|x64
		{764E1805-551D-414E-95C0-68D876A95CF2}.Debug|x64.Build.0 = Debug|x64
		{764E1805-551D-414E-95C0-68D876A95CF2}.Debug|x86.ActiveCfg = Debug|Win32
		{764E1805-551D-414E-95C0-68D876A95CF2}.Release|x64.ActiveCfg = Release|x64
		{764E1805-551D-414E-95C0-68D876A95CF2}.Release|x64.Build.0 = Release|x64
		{764E1805-551D-414E-95C0-68D876A95CF2}.Release|x86.ActiveCfg = Release|Win32
		{764E1805-551D-414E-95C0-68D876A95CF2}.Release|x86.Build.0 = Release|Win32
		{3EFAC871-56F5-482E-B3DA-732F895DD2D7}.Debug|x64.ActiveCfg = Debug|x64
		{3EFAC871-56F5-482E-B3DA-732F895DD2D7}.Debug|x64.Build.0 = Debug|x64
		{3EFAC871-56F5-482E-B3DA-732F895DD2D7}.Debug|x86.ActiveCfg = Debug|Win32
		{3EFAC871-56F5-482E-B3DA-732F895DD2D7}.Debug|x86.Build.0 = Debug|Win32
		{3EFAC871-56F5-482E-B3DA-732F895DD2D7}.Release|x64.ActiveCfg = Release|x64
		{3EFAC871-56F5-482E-B3DA-732F895DD2D7}.Release|x64.Build.0 = Release|x64
		{3EFAC871-56F5-482E-B3DA-732F895DD2D7}.Release|x86.ActiveCfg = Release|Win32
		{3EFAC871-56F5-482E-B3DA-732F895DD2D7}.Release|x86.Build.0 = Release|Win32
	EndGlobalSection
	GlobalSection(SolutionProperties) = preSolution
		HideSolutionNode = FALSE
	EndGlobalSection
	GlobalSection(ExtensibilityGlobals) = postSolution
		SolutionGuid = {85BA3B34-7567-4D91-87C4-FA9973D62A1D}
	EndGlobalSection
EndGlobal
